// !$*UTF8*$!
{
	archiveVersion = 1;
	classes = {
	};
	objectVersion = 50;
	objects = {

/* Begin PBXBuildFile section */
		18F8827327021199E17D1494 /* Pods_Voodoo_macOS.framework in Frameworks */ = {isa = PBXBuildFile; fileRef = EB79933110CE0C2AEAED9CFF /* Pods_Voodoo_macOS.framework */; };
		BD180CE1220421E4007F95D2 /* StatefulViewController.stencil in Resources */ = {isa = PBXBuildFile; fileRef = BD180CE0220421E4007F95D2 /* StatefulViewController.stencil */; };
		BD180CE322042220007F95D2 /* StatefulViewController.generated.swift in Sources */ = {isa = PBXBuildFile; fileRef = BD180CE22204221F007F95D2 /* StatefulViewController.generated.swift */; };
		BD180CE422042220007F95D2 /* StatefulViewController.generated.swift in Sources */ = {isa = PBXBuildFile; fileRef = BD180CE22204221F007F95D2 /* StatefulViewController.generated.swift */; };
		BDADEDEA2203A85E00AD5C68 /* StatefulViewController.swift in Sources */ = {isa = PBXBuildFile; fileRef = BDADEDE82203A85E00AD5C68 /* StatefulViewController.swift */; };
		BDADEDEB2203A85E00AD5C68 /* StatefulViewController.swift in Sources */ = {isa = PBXBuildFile; fileRef = BDADEDE82203A85E00AD5C68 /* StatefulViewController.swift */; };
		BDB2B41F21FDCBD20046B9F5 /* AppDelegate.swift in Sources */ = {isa = PBXBuildFile; fileRef = BDB2B41E21FDCBD20046B9F5 /* AppDelegate.swift */; };
		BDB2B42121FDCBD40046B9F5 /* Assets.xcassets in Resources */ = {isa = PBXBuildFile; fileRef = BDB2B42021FDCBD40046B9F5 /* Assets.xcassets */; };
		BDB2B42421FDCBD40046B9F5 /* MainMenu.xib in Resources */ = {isa = PBXBuildFile; fileRef = BDB2B42221FDCBD40046B9F5 /* MainMenu.xib */; };
		BDB2B42B21FDCBFA0046B9F5 /* EditorialMacOSView.swift in Sources */ = {isa = PBXBuildFile; fileRef = BDB2B40F21FDCA640046B9F5 /* EditorialMacOSView.swift */; };
		BDB2B42C21FDCC050046B9F5 /* NSCollectionViewItemFeature.swift in Sources */ = {isa = PBXBuildFile; fileRef = BDB2B41121FDCA860046B9F5 /* NSCollectionViewItemFeature.swift */; };
		BDB2B43421FDF1AF0046B9F5 /* AppDelegate.swift in Sources */ = {isa = PBXBuildFile; fileRef = BDB2B43321FDF1AF0046B9F5 /* AppDelegate.swift */; };
		BDB2B43621FDF1AF0046B9F5 /* ViewController.swift in Sources */ = {isa = PBXBuildFile; fileRef = BDB2B43521FDF1AF0046B9F5 /* ViewController.swift */; };
		BDB2B43921FDF1AF0046B9F5 /* Main.storyboard in Resources */ = {isa = PBXBuildFile; fileRef = BDB2B43721FDF1AF0046B9F5 /* Main.storyboard */; };
		BDB2B43B21FDF1B00046B9F5 /* Assets.xcassets in Resources */ = {isa = PBXBuildFile; fileRef = BDB2B43A21FDF1B00046B9F5 /* Assets.xcassets */; };
		BDB2B43E21FDF1B00046B9F5 /* LaunchScreen.storyboard in Resources */ = {isa = PBXBuildFile; fileRef = BDB2B43C21FDF1B00046B9F5 /* LaunchScreen.storyboard */; };
		BDB2B44321FDF1CD0046B9F5 /* UICollectionViewFeature.swift in Sources */ = {isa = PBXBuildFile; fileRef = BDB2B3FE21FDC8E70046B9F5 /* UICollectionViewFeature.swift */; };
		BDB2B44521FDF1D90046B9F5 /* EditorialView.swift in Sources */ = {isa = PBXBuildFile; fileRef = BDB2B40821FDC9ED0046B9F5 /* EditorialView.swift */; };
		BDB2B44D21FDF2EA0046B9F5 /* AppDelegate.swift in Sources */ = {isa = PBXBuildFile; fileRef = BDB2B44C21FDF2EA0046B9F5 /* AppDelegate.swift */; };
		BDB2B44F21FDF2EA0046B9F5 /* ViewController.swift in Sources */ = {isa = PBXBuildFile; fileRef = BDB2B44E21FDF2EA0046B9F5 /* ViewController.swift */; };
		BDB2B45221FDF2EA0046B9F5 /* Main.storyboard in Resources */ = {isa = PBXBuildFile; fileRef = BDB2B45021FDF2EA0046B9F5 /* Main.storyboard */; };
		BDB2B45421FDF2EC0046B9F5 /* Assets.xcassets in Resources */ = {isa = PBXBuildFile; fileRef = BDB2B45321FDF2EC0046B9F5 /* Assets.xcassets */; };
		BDB2B45A21FDF2FB0046B9F5 /* UICollectionViewFeature.swift in Sources */ = {isa = PBXBuildFile; fileRef = BDB2B3FE21FDC8E70046B9F5 /* UICollectionViewFeature.swift */; };
		BDB2B45B21FDF3000046B9F5 /* EditorialView.swift in Sources */ = {isa = PBXBuildFile; fileRef = BDB2B40821FDC9ED0046B9F5 /* EditorialView.swift */; };
		BDB2B46121FDF5DD0046B9F5 /* NSCollectionViewItemFeature.generated.swift in Sources */ = {isa = PBXBuildFile; fileRef = BDB2B45F21FDF5CA0046B9F5 /* NSCollectionViewItemFeature.generated.swift */; };
		BDB2B46221FDF5E00046B9F5 /* UICollectionViewFeature.generated.swift in Sources */ = {isa = PBXBuildFile; fileRef = BDB2B46021FDF5CA0046B9F5 /* UICollectionViewFeature.generated.swift */; };
		BDB2B46321FDF5E00046B9F5 /* UICollectionViewFeature.generated.swift in Sources */ = {isa = PBXBuildFile; fileRef = BDB2B46021FDF5CA0046B9F5 /* UICollectionViewFeature.generated.swift */; };
		BDF999A221FF73F400B27D30 /* UITableViewFeature.swift in Sources */ = {isa = PBXBuildFile; fileRef = BDF999A121FF73F400B27D30 /* UITableViewFeature.swift */; };
		BDF999A321FF73F400B27D30 /* UITableViewFeature.swift in Sources */ = {isa = PBXBuildFile; fileRef = BDF999A121FF73F400B27D30 /* UITableViewFeature.swift */; };
		BDF999A521FF748F00B27D30 /* EditorialTableViewCell.swift in Sources */ = {isa = PBXBuildFile; fileRef = BDF999A421FF748F00B27D30 /* EditorialTableViewCell.swift */; };
		BDF999A621FF748F00B27D30 /* EditorialTableViewCell.swift in Sources */ = {isa = PBXBuildFile; fileRef = BDF999A421FF748F00B27D30 /* EditorialTableViewCell.swift */; };
		BDF999A921FF74FB00B27D30 /* UITableViewFeature.generated.swift in Sources */ = {isa = PBXBuildFile; fileRef = BDF999A821FF74FB00B27D30 /* UITableViewFeature.generated.swift */; };
		BDF999AA21FF74FB00B27D30 /* UITableViewFeature.generated.swift in Sources */ = {isa = PBXBuildFile; fileRef = BDF999A821FF74FB00B27D30 /* UITableViewFeature.generated.swift */; };
		CC1B2AE367449442FD7C7017 /* Pods_Voodoo_iOS.framework in Frameworks */ = {isa = PBXBuildFile; fileRef = F4190A4F34395E2FF2F9303C /* Pods_Voodoo_iOS.framework */; };
		EB22C6372BE794D321BE7FCD /* Pods_Voodoo_tvOS.framework in Frameworks */ = {isa = PBXBuildFile; fileRef = 4E46CD2197DEA6C7378A705C /* Pods_Voodoo_tvOS.framework */; };
/* End PBXBuildFile section */

/* Begin PBXFileReference section */
		3843E62F6C85BF8D7045D9AA /* Pods-Voodoo-macOS.release.xcconfig */ = {isa = PBXFileReference; includeInIndex = 1; lastKnownFileType = text.xcconfig; name = "Pods-Voodoo-macOS.release.xcconfig"; path = "Pods/Target Support Files/Pods-Voodoo-macOS/Pods-Voodoo-macOS.release.xcconfig"; sourceTree = "<group>"; };
		4E46CD2197DEA6C7378A705C /* Pods_Voodoo_tvOS.framework */ = {isa = PBXFileReference; explicitFileType = wrapper.framework; includeInIndex = 0; path = Pods_Voodoo_tvOS.framework; sourceTree = BUILT_PRODUCTS_DIR; };
		52ED3B6313DB79B49CF1AFB2 /* Pods-Voodoo-tvOS.debug.xcconfig */ = {isa = PBXFileReference; includeInIndex = 1; lastKnownFileType = text.xcconfig; name = "Pods-Voodoo-tvOS.debug.xcconfig"; path = "Pods/Target Support Files/Pods-Voodoo-tvOS/Pods-Voodoo-tvOS.debug.xcconfig"; sourceTree = "<group>"; };
		5C0BDD639243AB544CE60D76 /* Pods-Voodoo-tvOS.release.xcconfig */ = {isa = PBXFileReference; includeInIndex = 1; lastKnownFileType = text.xcconfig; name = "Pods-Voodoo-tvOS.release.xcconfig"; path = "Pods/Target Support Files/Pods-Voodoo-tvOS/Pods-Voodoo-tvOS.release.xcconfig"; sourceTree = "<group>"; };
		6C82B1BF9A3B7E90C3A54FC0 /* Pods-Voodoo-iOS.debug.xcconfig */ = {isa = PBXFileReference; includeInIndex = 1; lastKnownFileType = text.xcconfig; name = "Pods-Voodoo-iOS.debug.xcconfig"; path = "Pods/Target Support Files/Pods-Voodoo-iOS/Pods-Voodoo-iOS.debug.xcconfig"; sourceTree = "<group>"; };
		B8EEAB1AF68BEC5A777D3953 /* Pods-Voodoo-iOS.release.xcconfig */ = {isa = PBXFileReference; includeInIndex = 1; lastKnownFileType = text.xcconfig; name = "Pods-Voodoo-iOS.release.xcconfig"; path = "Pods/Target Support Files/Pods-Voodoo-iOS/Pods-Voodoo-iOS.release.xcconfig"; sourceTree = "<group>"; };
		BD180CE0220421E4007F95D2 /* StatefulViewController.stencil */ = {isa = PBXFileReference; lastKnownFileType = text; path = StatefulViewController.stencil; sourceTree = "<group>"; };
		BD180CE22204221F007F95D2 /* StatefulViewController.generated.swift */ = {isa = PBXFileReference; fileEncoding = 4; lastKnownFileType = sourcecode.swift; path = StatefulViewController.generated.swift; sourceTree = "<group>"; };
		BDADEDE82203A85E00AD5C68 /* StatefulViewController.swift */ = {isa = PBXFileReference; lastKnownFileType = sourcecode.swift; path = StatefulViewController.swift; sourceTree = "<group>"; };
		BDB2B3FC21FDC8A80046B9F5 /* .sourcery.yml */ = {isa = PBXFileReference; lastKnownFileType = text; path = .sourcery.yml; sourceTree = "<group>"; };
		BDB2B3FE21FDC8E70046B9F5 /* UICollectionViewFeature.swift */ = {isa = PBXFileReference; lastKnownFileType = sourcecode.swift; path = UICollectionViewFeature.swift; sourceTree = "<group>"; };
		BDB2B40221FDC9EC0046B9F5 /* README.md */ = {isa = PBXFileReference; lastKnownFileType = net.daringfireball.markdown; path = README.md; sourceTree = "<group>"; };
		BDB2B40821FDC9ED0046B9F5 /* EditorialView.swift */ = {isa = PBXFileReference; lastKnownFileType = sourcecode.swift; path = EditorialView.swift; sourceTree = "<group>"; };
		BDB2B40C21FDC9ED0046B9F5 /* UICollectionViewFeature.stencil */ = {isa = PBXFileReference; lastKnownFileType = text; path = UICollectionViewFeature.stencil; sourceTree = "<group>"; };
		BDB2B40F21FDCA640046B9F5 /* EditorialMacOSView.swift */ = {isa = PBXFileReference; lastKnownFileType = sourcecode.swift; path = EditorialMacOSView.swift; sourceTree = "<group>"; };
		BDB2B41121FDCA860046B9F5 /* NSCollectionViewItemFeature.swift */ = {isa = PBXFileReference; lastKnownFileType = sourcecode.swift; path = NSCollectionViewItemFeature.swift; sourceTree = "<group>"; };
		BDB2B41221FDCAE40046B9F5 /* NSCollectionViewItemFeature.stencil */ = {isa = PBXFileReference; lastKnownFileType = text; path = NSCollectionViewItemFeature.stencil; sourceTree = "<group>"; };
		BDB2B41B21FDCBD20046B9F5 /* Voodoo-macOS.app */ = {isa = PBXFileReference; explicitFileType = wrapper.application; includeInIndex = 0; path = "Voodoo-macOS.app"; sourceTree = BUILT_PRODUCTS_DIR; };
		BDB2B41E21FDCBD20046B9F5 /* AppDelegate.swift */ = {isa = PBXFileReference; lastKnownFileType = sourcecode.swift; path = AppDelegate.swift; sourceTree = "<group>"; };
		BDB2B42021FDCBD40046B9F5 /* Assets.xcassets */ = {isa = PBXFileReference; lastKnownFileType = folder.assetcatalog; path = Assets.xcassets; sourceTree = "<group>"; };
		BDB2B42321FDCBD40046B9F5 /* Base */ = {isa = PBXFileReference; lastKnownFileType = file.xib; name = Base; path = Base.lproj/MainMenu.xib; sourceTree = "<group>"; };
		BDB2B42521FDCBD40046B9F5 /* Info.plist */ = {isa = PBXFileReference; lastKnownFileType = text.plist.xml; path = Info.plist; sourceTree = "<group>"; };
		BDB2B42621FDCBD40046B9F5 /* Voodoo_macOS.entitlements */ = {isa = PBXFileReference; lastKnownFileType = text.plist.entitlements; path = Voodoo_macOS.entitlements; sourceTree = "<group>"; };
		BDB2B43121FDF1AF0046B9F5 /* Voodoo-iOS.app */ = {isa = PBXFileReference; explicitFileType = wrapper.application; includeInIndex = 0; path = "Voodoo-iOS.app"; sourceTree = BUILT_PRODUCTS_DIR; };
		BDB2B43321FDF1AF0046B9F5 /* AppDelegate.swift */ = {isa = PBXFileReference; lastKnownFileType = sourcecode.swift; path = AppDelegate.swift; sourceTree = "<group>"; };
		BDB2B43521FDF1AF0046B9F5 /* ViewController.swift */ = {isa = PBXFileReference; lastKnownFileType = sourcecode.swift; path = ViewController.swift; sourceTree = "<group>"; };
		BDB2B43821FDF1AF0046B9F5 /* Base */ = {isa = PBXFileReference; lastKnownFileType = file.storyboard; name = Base; path = Base.lproj/Main.storyboard; sourceTree = "<group>"; };
		BDB2B43A21FDF1B00046B9F5 /* Assets.xcassets */ = {isa = PBXFileReference; lastKnownFileType = folder.assetcatalog; path = Assets.xcassets; sourceTree = "<group>"; };
		BDB2B43D21FDF1B00046B9F5 /* Base */ = {isa = PBXFileReference; lastKnownFileType = file.storyboard; name = Base; path = Base.lproj/LaunchScreen.storyboard; sourceTree = "<group>"; };
		BDB2B43F21FDF1B00046B9F5 /* Info.plist */ = {isa = PBXFileReference; lastKnownFileType = text.plist.xml; path = Info.plist; sourceTree = "<group>"; };
		BDB2B44A21FDF2EA0046B9F5 /* Voodoo-tvOS.app */ = {isa = PBXFileReference; explicitFileType = wrapper.application; includeInIndex = 0; path = "Voodoo-tvOS.app"; sourceTree = BUILT_PRODUCTS_DIR; };
		BDB2B44C21FDF2EA0046B9F5 /* AppDelegate.swift */ = {isa = PBXFileReference; lastKnownFileType = sourcecode.swift; path = AppDelegate.swift; sourceTree = "<group>"; };
		BDB2B44E21FDF2EA0046B9F5 /* ViewController.swift */ = {isa = PBXFileReference; lastKnownFileType = sourcecode.swift; path = ViewController.swift; sourceTree = "<group>"; };
		BDB2B45121FDF2EA0046B9F5 /* Base */ = {isa = PBXFileReference; lastKnownFileType = file.storyboard; name = Base; path = Base.lproj/Main.storyboard; sourceTree = "<group>"; };
		BDB2B45321FDF2EC0046B9F5 /* Assets.xcassets */ = {isa = PBXFileReference; lastKnownFileType = folder.assetcatalog; path = Assets.xcassets; sourceTree = "<group>"; };
		BDB2B45521FDF2EC0046B9F5 /* Info.plist */ = {isa = PBXFileReference; lastKnownFileType = text.plist.xml; path = Info.plist; sourceTree = "<group>"; };
		BDB2B45F21FDF5CA0046B9F5 /* NSCollectionViewItemFeature.generated.swift */ = {isa = PBXFileReference; lastKnownFileType = sourcecode.swift; path = NSCollectionViewItemFeature.generated.swift; sourceTree = "<group>"; };
		BDB2B46021FDF5CA0046B9F5 /* UICollectionViewFeature.generated.swift */ = {isa = PBXFileReference; lastKnownFileType = sourcecode.swift; path = UICollectionViewFeature.generated.swift; sourceTree = "<group>"; };
		BDF999A121FF73F400B27D30 /* UITableViewFeature.swift */ = {isa = PBXFileReference; lastKnownFileType = sourcecode.swift; path = UITableViewFeature.swift; sourceTree = "<group>"; };
		BDF999A421FF748F00B27D30 /* EditorialTableViewCell.swift */ = {isa = PBXFileReference; lastKnownFileType = sourcecode.swift; path = EditorialTableViewCell.swift; sourceTree = "<group>"; };
		BDF999A721FF74E300B27D30 /* UITableViewFeature.stencil */ = {isa = PBXFileReference; lastKnownFileType = text; path = UITableViewFeature.stencil; sourceTree = "<group>"; };
		BDF999A821FF74FB00B27D30 /* UITableViewFeature.generated.swift */ = {isa = PBXFileReference; fileEncoding = 4; lastKnownFileType = sourcecode.swift; path = UITableViewFeature.generated.swift; sourceTree = "<group>"; };
		BDF999AB21FF78F600B27D30 /* .travis.yml */ = {isa = PBXFileReference; lastKnownFileType = text; path = .travis.yml; sourceTree = "<group>"; };
		C28C834A47D951FD77EDC663 /* Pods-Voodoo-macOS.debug.xcconfig */ = {isa = PBXFileReference; includeInIndex = 1; lastKnownFileType = text.xcconfig; name = "Pods-Voodoo-macOS.debug.xcconfig"; path = "Pods/Target Support Files/Pods-Voodoo-macOS/Pods-Voodoo-macOS.debug.xcconfig"; sourceTree = "<group>"; };
		EB79933110CE0C2AEAED9CFF /* Pods_Voodoo_macOS.framework */ = {isa = PBXFileReference; explicitFileType = wrapper.framework; includeInIndex = 0; path = Pods_Voodoo_macOS.framework; sourceTree = BUILT_PRODUCTS_DIR; };
		F4190A4F34395E2FF2F9303C /* Pods_Voodoo_iOS.framework */ = {isa = PBXFileReference; explicitFileType = wrapper.framework; includeInIndex = 0; path = Pods_Voodoo_iOS.framework; sourceTree = BUILT_PRODUCTS_DIR; };
/* End PBXFileReference section */

/* Begin PBXFrameworksBuildPhase section */
		BDB2B41821FDCBD20046B9F5 /* Frameworks */ = {
			isa = PBXFrameworksBuildPhase;
			buildActionMask = 2147483647;
			files = (
				18F8827327021199E17D1494 /* Pods_Voodoo_macOS.framework in Frameworks */,
			);
			runOnlyForDeploymentPostprocessing = 0;
		};
		BDB2B42E21FDF1AF0046B9F5 /* Frameworks */ = {
			isa = PBXFrameworksBuildPhase;
			buildActionMask = 2147483647;
			files = (
				CC1B2AE367449442FD7C7017 /* Pods_Voodoo_iOS.framework in Frameworks */,
			);
			runOnlyForDeploymentPostprocessing = 0;
		};
		BDB2B44721FDF2EA0046B9F5 /* Frameworks */ = {
			isa = PBXFrameworksBuildPhase;
			buildActionMask = 2147483647;
			files = (
				EB22C6372BE794D321BE7FCD /* Pods_Voodoo_tvOS.framework in Frameworks */,
			);
			runOnlyForDeploymentPostprocessing = 0;
		};
/* End PBXFrameworksBuildPhase section */

/* Begin PBXGroup section */
		32A489EDE791AB99C3B79688 /* Pods */ = {
			isa = PBXGroup;
			children = (
				6C82B1BF9A3B7E90C3A54FC0 /* Pods-Voodoo-iOS.debug.xcconfig */,
				B8EEAB1AF68BEC5A777D3953 /* Pods-Voodoo-iOS.release.xcconfig */,
				C28C834A47D951FD77EDC663 /* Pods-Voodoo-macOS.debug.xcconfig */,
				3843E62F6C85BF8D7045D9AA /* Pods-Voodoo-macOS.release.xcconfig */,
				52ED3B6313DB79B49CF1AFB2 /* Pods-Voodoo-tvOS.debug.xcconfig */,
				5C0BDD639243AB544CE60D76 /* Pods-Voodoo-tvOS.release.xcconfig */,
			);
			name = Pods;
			sourceTree = "<group>";
		};
		9329370940FA39BFE7A1FCF1 /* Frameworks */ = {
			isa = PBXGroup;
			children = (
				F4190A4F34395E2FF2F9303C /* Pods_Voodoo_iOS.framework */,
				EB79933110CE0C2AEAED9CFF /* Pods_Voodoo_macOS.framework */,
				4E46CD2197DEA6C7378A705C /* Pods_Voodoo_tvOS.framework */,
			);
			name = Frameworks;
			sourceTree = "<group>";
		};
		BDB2B3E821FDC79A0046B9F5 = {
			isa = PBXGroup;
			children = (
				BDF999AB21FF78F600B27D30 /* .travis.yml */,
				BDB2B40221FDC9EC0046B9F5 /* README.md */,
				BDB2B3FC21FDC8A80046B9F5 /* .sourcery.yml */,
				BDB2B41421FDCB480046B9F5 /* Output */,
				BDB2B3FD21FDC8D60046B9F5 /* Protocols */,
				BDB2B40621FDC9ED0046B9F5 /* Samples */,
				BDB2B40921FDC9ED0046B9F5 /* Templates */,
				BDB2B41D21FDCBD20046B9F5 /* Voodoo-macOS */,
				BDB2B43221FDF1AF0046B9F5 /* Voodoo-iOS */,
				BDB2B44B21FDF2EA0046B9F5 /* Voodoo-tvOS */,
				BDB2B41C21FDCBD20046B9F5 /* Products */,
				32A489EDE791AB99C3B79688 /* Pods */,
				9329370940FA39BFE7A1FCF1 /* Frameworks */,
			);
			sourceTree = "<group>";
		};
		BDB2B3FD21FDC8D60046B9F5 /* Protocols */ = {
			isa = PBXGroup;
			children = (
				BDB2B46421FDF63D0046B9F5 /* Shared */,
				BDB2B41021FDCA770046B9F5 /* macOS */,
				BDB2B3FF21FDC8F20046B9F5 /* iOS+tvOS */,
			);
			path = Protocols;
			sourceTree = "<group>";
		};
		BDB2B3FF21FDC8F20046B9F5 /* iOS+tvOS */ = {
			isa = PBXGroup;
			children = (
				BDADEDE82203A85E00AD5C68 /* StatefulViewController.swift */,
				BDB2B3FE21FDC8E70046B9F5 /* UICollectionViewFeature.swift */,
				BDF999A121FF73F400B27D30 /* UITableViewFeature.swift */,
			);
			path = "iOS+tvOS";
			sourceTree = "<group>";
		};
		BDB2B40621FDC9ED0046B9F5 /* Samples */ = {
			isa = PBXGroup;
			children = (
				BDB2B40E21FDCA4C0046B9F5 /* macOS */,
				BDB2B40721FDC9ED0046B9F5 /* iOS+tvOS */,
			);
			path = Samples;
			sourceTree = "<group>";
		};
		BDB2B40721FDC9ED0046B9F5 /* iOS+tvOS */ = {
			isa = PBXGroup;
			children = (
				BDB2B40821FDC9ED0046B9F5 /* EditorialView.swift */,
				BDF999A421FF748F00B27D30 /* EditorialTableViewCell.swift */,
			);
			path = "iOS+tvOS";
			sourceTree = "<group>";
		};
		BDB2B40921FDC9ED0046B9F5 /* Templates */ = {
			isa = PBXGroup;
			children = (
				BDB2B46921FDF65A0046B9F5 /* Shared */,
				BDB2B40A21FDC9ED0046B9F5 /* macOS */,
				BDB2B40B21FDC9ED0046B9F5 /* iOS+tvOS */,
			);
			path = Templates;
			sourceTree = "<group>";
		};
		BDB2B40A21FDC9ED0046B9F5 /* macOS */ = {
			isa = PBXGroup;
			children = (
				BDB2B41221FDCAE40046B9F5 /* NSCollectionViewItemFeature.stencil */,
			);
			path = macOS;
			sourceTree = "<group>";
		};
		BDB2B40B21FDC9ED0046B9F5 /* iOS+tvOS */ = {
			isa = PBXGroup;
			children = (
				BDF999A721FF74E300B27D30 /* UITableViewFeature.stencil */,
				BDB2B40C21FDC9ED0046B9F5 /* UICollectionViewFeature.stencil */,
				BD180CE0220421E4007F95D2 /* StatefulViewController.stencil */,
			);
			path = "iOS+tvOS";
			sourceTree = "<group>";
		};
		BDB2B40E21FDCA4C0046B9F5 /* macOS */ = {
			isa = PBXGroup;
			children = (
				BDB2B40F21FDCA640046B9F5 /* EditorialMacOSView.swift */,
			);
			path = macOS;
			sourceTree = "<group>";
		};
		BDB2B41021FDCA770046B9F5 /* macOS */ = {
			isa = PBXGroup;
			children = (
				BDB2B41121FDCA860046B9F5 /* NSCollectionViewItemFeature.swift */,
			);
			path = macOS;
			sourceTree = "<group>";
		};
		BDB2B41421FDCB480046B9F5 /* Output */ = {
			isa = PBXGroup;
			children = (
				BD180CE22204221F007F95D2 /* StatefulViewController.generated.swift */,
				BDB2B45F21FDF5CA0046B9F5 /* NSCollectionViewItemFeature.generated.swift */,
				BDB2B46021FDF5CA0046B9F5 /* UICollectionViewFeature.generated.swift */,
				BDF999A821FF74FB00B27D30 /* UITableViewFeature.generated.swift */,
			);
			path = Output;
			sourceTree = "<group>";
		};
		BDB2B41C21FDCBD20046B9F5 /* Products */ = {
			isa = PBXGroup;
			children = (
				BDB2B41B21FDCBD20046B9F5 /* Voodoo-macOS.app */,
				BDB2B43121FDF1AF0046B9F5 /* Voodoo-iOS.app */,
				BDB2B44A21FDF2EA0046B9F5 /* Voodoo-tvOS.app */,
			);
			name = Products;
			sourceTree = "<group>";
		};
		BDB2B41D21FDCBD20046B9F5 /* Voodoo-macOS */ = {
			isa = PBXGroup;
			children = (
				BDB2B41E21FDCBD20046B9F5 /* AppDelegate.swift */,
				BDB2B42021FDCBD40046B9F5 /* Assets.xcassets */,
				BDB2B42221FDCBD40046B9F5 /* MainMenu.xib */,
				BDB2B42521FDCBD40046B9F5 /* Info.plist */,
				BDB2B42621FDCBD40046B9F5 /* Voodoo_macOS.entitlements */,
			);
			path = "Voodoo-macOS";
			sourceTree = "<group>";
		};
		BDB2B43221FDF1AF0046B9F5 /* Voodoo-iOS */ = {
			isa = PBXGroup;
			children = (
				BDB2B43321FDF1AF0046B9F5 /* AppDelegate.swift */,
				BDB2B43521FDF1AF0046B9F5 /* ViewController.swift */,
				BDB2B43721FDF1AF0046B9F5 /* Main.storyboard */,
				BDB2B43A21FDF1B00046B9F5 /* Assets.xcassets */,
				BDB2B43C21FDF1B00046B9F5 /* LaunchScreen.storyboard */,
				BDB2B43F21FDF1B00046B9F5 /* Info.plist */,
			);
			path = "Voodoo-iOS";
			sourceTree = "<group>";
		};
		BDB2B44B21FDF2EA0046B9F5 /* Voodoo-tvOS */ = {
			isa = PBXGroup;
			children = (
				BDB2B44C21FDF2EA0046B9F5 /* AppDelegate.swift */,
				BDB2B44E21FDF2EA0046B9F5 /* ViewController.swift */,
				BDB2B45021FDF2EA0046B9F5 /* Main.storyboard */,
				BDB2B45321FDF2EC0046B9F5 /* Assets.xcassets */,
				BDB2B45521FDF2EC0046B9F5 /* Info.plist */,
			);
			path = "Voodoo-tvOS";
			sourceTree = "<group>";
		};
		BDB2B46421FDF63D0046B9F5 /* Shared */ = {
			isa = PBXGroup;
			children = (
			);
			path = Shared;
			sourceTree = "<group>";
		};
		BDB2B46921FDF65A0046B9F5 /* Shared */ = {
			isa = PBXGroup;
			children = (
			);
			path = Shared;
			sourceTree = "<group>";
		};
/* End PBXGroup section */

/* Begin PBXNativeTarget section */
		BDB2B41A21FDCBD20046B9F5 /* Voodoo-macOS */ = {
			isa = PBXNativeTarget;
			buildConfigurationList = BDB2B42721FDCBD40046B9F5 /* Build configuration list for PBXNativeTarget "Voodoo-macOS" */;
			buildPhases = (
				70DD354527FA3BCB8DD03940 /* [CP] Check Pods Manifest.lock */,
				BDB2B45C21FDF3630046B9F5 /* Sourcery */,
				BDB2B41721FDCBD20046B9F5 /* Sources */,
				BDB2B41821FDCBD20046B9F5 /* Frameworks */,
				BDB2B41921FDCBD20046B9F5 /* Resources */,
			);
			buildRules = (
			);
			dependencies = (
			);
			name = "Voodoo-macOS";
			productName = "Voodoo-macOS";
			productReference = BDB2B41B21FDCBD20046B9F5 /* Voodoo-macOS.app */;
			productType = "com.apple.product-type.application";
		};
		BDB2B43021FDF1AF0046B9F5 /* Voodoo-iOS */ = {
			isa = PBXNativeTarget;
			buildConfigurationList = BDB2B44021FDF1B00046B9F5 /* Build configuration list for PBXNativeTarget "Voodoo-iOS" */;
			buildPhases = (
				47B2A72D0D92869CCBD30A9D /* [CP] Check Pods Manifest.lock */,
				BDB2B45E21FDF39E0046B9F5 /* Sourcery */,
				BDB2B42D21FDF1AF0046B9F5 /* Sources */,
				BDB2B42E21FDF1AF0046B9F5 /* Frameworks */,
				BDB2B42F21FDF1AF0046B9F5 /* Resources */,
			);
			buildRules = (
			);
			dependencies = (
			);
			name = "Voodoo-iOS";
			productName = "Voodoo-iOS";
			productReference = BDB2B43121FDF1AF0046B9F5 /* Voodoo-iOS.app */;
			productType = "com.apple.product-type.application";
		};
		BDB2B44921FDF2EA0046B9F5 /* Voodoo-tvOS */ = {
			isa = PBXNativeTarget;
			buildConfigurationList = BDB2B45621FDF2EC0046B9F5 /* Build configuration list for PBXNativeTarget "Voodoo-tvOS" */;
			buildPhases = (
				7FD28945E745E919A373EADC /* [CP] Check Pods Manifest.lock */,
				BDB2B45D21FDF37F0046B9F5 /* Sourcery */,
				BDB2B44621FDF2EA0046B9F5 /* Sources */,
				BDB2B44721FDF2EA0046B9F5 /* Frameworks */,
				BDB2B44821FDF2EA0046B9F5 /* Resources */,
			);
			buildRules = (
			);
			dependencies = (
			);
			name = "Voodoo-tvOS";
			productName = "Voodoo-tvOS";
			productReference = BDB2B44A21FDF2EA0046B9F5 /* Voodoo-tvOS.app */;
			productType = "com.apple.product-type.application";
		};
/* End PBXNativeTarget section */

/* Begin PBXProject section */
		BDB2B3E921FDC79A0046B9F5 /* Project object */ = {
			isa = PBXProject;
			attributes = {
				LastSwiftUpdateCheck = 1010;
				LastUpgradeCheck = 1010;
				TargetAttributes = {
					BDB2B41A21FDCBD20046B9F5 = {
						CreatedOnToolsVersion = 10.1;
					};
					BDB2B43021FDF1AF0046B9F5 = {
						CreatedOnToolsVersion = 10.1;
					};
					BDB2B44921FDF2EA0046B9F5 = {
						CreatedOnToolsVersion = 10.1;
					};
				};
			};
			buildConfigurationList = BDB2B3EC21FDC79A0046B9F5 /* Build configuration list for PBXProject "Voodoo" */;
			compatibilityVersion = "Xcode 9.3";
			developmentRegion = en;
			hasScannedForEncodings = 0;
			knownRegions = (
				en,
				Base,
			);
			mainGroup = BDB2B3E821FDC79A0046B9F5;
			productRefGroup = BDB2B41C21FDCBD20046B9F5 /* Products */;
			projectDirPath = "";
			projectRoot = "";
			targets = (
				BDB2B41A21FDCBD20046B9F5 /* Voodoo-macOS */,
				BDB2B43021FDF1AF0046B9F5 /* Voodoo-iOS */,
				BDB2B44921FDF2EA0046B9F5 /* Voodoo-tvOS */,
			);
		};
/* End PBXProject section */

/* Begin PBXResourcesBuildPhase section */
		BDB2B41921FDCBD20046B9F5 /* Resources */ = {
			isa = PBXResourcesBuildPhase;
			buildActionMask = 2147483647;
			files = (
				BDB2B42121FDCBD40046B9F5 /* Assets.xcassets in Resources */,
				BD180CE1220421E4007F95D2 /* StatefulViewController.stencil in Resources */,
				BDB2B42421FDCBD40046B9F5 /* MainMenu.xib in Resources */,
			);
			runOnlyForDeploymentPostprocessing = 0;
		};
		BDB2B42F21FDF1AF0046B9F5 /* Resources */ = {
			isa = PBXResourcesBuildPhase;
			buildActionMask = 2147483647;
			files = (
				BDB2B43E21FDF1B00046B9F5 /* LaunchScreen.storyboard in Resources */,
				BDB2B43B21FDF1B00046B9F5 /* Assets.xcassets in Resources */,
				BDB2B43921FDF1AF0046B9F5 /* Main.storyboard in Resources */,
			);
			runOnlyForDeploymentPostprocessing = 0;
		};
		BDB2B44821FDF2EA0046B9F5 /* Resources */ = {
			isa = PBXResourcesBuildPhase;
			buildActionMask = 2147483647;
			files = (
				BDB2B45421FDF2EC0046B9F5 /* Assets.xcassets in Resources */,
				BDB2B45221FDF2EA0046B9F5 /* Main.storyboard in Resources */,
			);
			runOnlyForDeploymentPostprocessing = 0;
		};
/* End PBXResourcesBuildPhase section */

/* Begin PBXShellScriptBuildPhase section */
		47B2A72D0D92869CCBD30A9D /* [CP] Check Pods Manifest.lock */ = {
			isa = PBXShellScriptBuildPhase;
			buildActionMask = 2147483647;
			files = (
			);
			inputFileListPaths = (
			);
			inputPaths = (
				"${PODS_PODFILE_DIR_PATH}/Podfile.lock",
				"${PODS_ROOT}/Manifest.lock",
			);
			name = "[CP] Check Pods Manifest.lock";
			outputFileListPaths = (
			);
			outputPaths = (
				"$(DERIVED_FILE_DIR)/Pods-Voodoo-iOS-checkManifestLockResult.txt",
			);
			runOnlyForDeploymentPostprocessing = 0;
			shellPath = /bin/sh;
			shellScript = "diff \"${PODS_PODFILE_DIR_PATH}/Podfile.lock\" \"${PODS_ROOT}/Manifest.lock\" > /dev/null\nif [ $? != 0 ] ; then\n    # print error to STDERR\n    echo \"error: The sandbox is not in sync with the Podfile.lock. Run 'pod install' or update your CocoaPods installation.\" >&2\n    exit 1\nfi\n# This output is used by Xcode 'outputs' to avoid re-running this script phase.\necho \"SUCCESS\" > \"${SCRIPT_OUTPUT_FILE_0}\"\n";
			showEnvVarsInLog = 0;
		};
		70DD354527FA3BCB8DD03940 /* [CP] Check Pods Manifest.lock */ = {
			isa = PBXShellScriptBuildPhase;
			buildActionMask = 2147483647;
			files = (
			);
			inputFileListPaths = (
			);
			inputPaths = (
				"${PODS_PODFILE_DIR_PATH}/Podfile.lock",
				"${PODS_ROOT}/Manifest.lock",
			);
			name = "[CP] Check Pods Manifest.lock";
			outputFileListPaths = (
			);
			outputPaths = (
				"$(DERIVED_FILE_DIR)/Pods-Voodoo-macOS-checkManifestLockResult.txt",
			);
			runOnlyForDeploymentPostprocessing = 0;
			shellPath = /bin/sh;
			shellScript = "diff \"${PODS_PODFILE_DIR_PATH}/Podfile.lock\" \"${PODS_ROOT}/Manifest.lock\" > /dev/null\nif [ $? != 0 ] ; then\n    # print error to STDERR\n    echo \"error: The sandbox is not in sync with the Podfile.lock. Run 'pod install' or update your CocoaPods installation.\" >&2\n    exit 1\nfi\n# This output is used by Xcode 'outputs' to avoid re-running this script phase.\necho \"SUCCESS\" > \"${SCRIPT_OUTPUT_FILE_0}\"\n";
			showEnvVarsInLog = 0;
		};
		7FD28945E745E919A373EADC /* [CP] Check Pods Manifest.lock */ = {
			isa = PBXShellScriptBuildPhase;
			buildActionMask = 2147483647;
			files = (
			);
			inputFileListPaths = (
			);
			inputPaths = (
				"${PODS_PODFILE_DIR_PATH}/Podfile.lock",
				"${PODS_ROOT}/Manifest.lock",
			);
			name = "[CP] Check Pods Manifest.lock";
			outputFileListPaths = (
			);
			outputPaths = (
				"$(DERIVED_FILE_DIR)/Pods-Voodoo-tvOS-checkManifestLockResult.txt",
			);
			runOnlyForDeploymentPostprocessing = 0;
			shellPath = /bin/sh;
			shellScript = "diff \"${PODS_PODFILE_DIR_PATH}/Podfile.lock\" \"${PODS_ROOT}/Manifest.lock\" > /dev/null\nif [ $? != 0 ] ; then\n    # print error to STDERR\n    echo \"error: The sandbox is not in sync with the Podfile.lock. Run 'pod install' or update your CocoaPods installation.\" >&2\n    exit 1\nfi\n# This output is used by Xcode 'outputs' to avoid re-running this script phase.\necho \"SUCCESS\" > \"${SCRIPT_OUTPUT_FILE_0}\"\n";
			showEnvVarsInLog = 0;
		};
		BDB2B45C21FDF3630046B9F5 /* Sourcery */ = {
			isa = PBXShellScriptBuildPhase;
			buildActionMask = 2147483647;
			files = (
			);
			inputFileListPaths = (
			);
			inputPaths = (
			);
			name = Sourcery;
			outputFileListPaths = (
			);
			outputPaths = (
			);
			runOnlyForDeploymentPostprocessing = 0;
			shellPath = /bin/sh;
			shellScript = "$PODS_ROOT/Sourcery/bin/sourcery\n";
		};
		BDB2B45D21FDF37F0046B9F5 /* Sourcery */ = {
			isa = PBXShellScriptBuildPhase;
			buildActionMask = 2147483647;
			files = (
			);
			inputFileListPaths = (
			);
			inputPaths = (
			);
			name = Sourcery;
			outputFileListPaths = (
			);
			outputPaths = (
			);
			runOnlyForDeploymentPostprocessing = 0;
			shellPath = /bin/sh;
			shellScript = "$PODS_ROOT/Sourcery/bin/sourcery\n";
		};
		BDB2B45E21FDF39E0046B9F5 /* Sourcery */ = {
			isa = PBXShellScriptBuildPhase;
			buildActionMask = 2147483647;
			files = (
			);
			inputFileListPaths = (
			);
			inputPaths = (
			);
			name = Sourcery;
			outputFileListPaths = (
			);
			outputPaths = (
			);
			runOnlyForDeploymentPostprocessing = 0;
			shellPath = /bin/sh;
			shellScript = "$PODS_ROOT/Sourcery/bin/sourcery\n";
		};
/* End PBXShellScriptBuildPhase section */

/* Begin PBXSourcesBuildPhase section */
		BDB2B41721FDCBD20046B9F5 /* Sources */ = {
			isa = PBXSourcesBuildPhase;
			buildActionMask = 2147483647;
			files = (
				BDB2B41F21FDCBD20046B9F5 /* AppDelegate.swift in Sources */,
				BDB2B42C21FDCC050046B9F5 /* NSCollectionViewItemFeature.swift in Sources */,
				BDB2B46121FDF5DD0046B9F5 /* NSCollectionViewItemFeature.generated.swift in Sources */,
				BDB2B42B21FDCBFA0046B9F5 /* EditorialMacOSView.swift in Sources */,
			);
			runOnlyForDeploymentPostprocessing = 0;
		};
		BDB2B42D21FDF1AF0046B9F5 /* Sources */ = {
			isa = PBXSourcesBuildPhase;
			buildActionMask = 2147483647;
			files = (
				BDF999A221FF73F400B27D30 /* UITableViewFeature.swift in Sources */,
				BD180CE322042220007F95D2 /* StatefulViewController.generated.swift in Sources */,
				BDB2B43621FDF1AF0046B9F5 /* ViewController.swift in Sources */,
				BDB2B43421FDF1AF0046B9F5 /* AppDelegate.swift in Sources */,
				BDF999A921FF74FB00B27D30 /* UITableViewFeature.generated.swift in Sources */,
				BDADEDEA2203A85E00AD5C68 /* StatefulViewController.swift in Sources */,
				BDB2B44321FDF1CD0046B9F5 /* UICollectionViewFeature.swift in Sources */,
				BDB2B46221FDF5E00046B9F5 /* UICollectionViewFeature.generated.swift in Sources */,
				BDF999A521FF748F00B27D30 /* EditorialTableViewCell.swift in Sources */,
				BDB2B44521FDF1D90046B9F5 /* EditorialView.swift in Sources */,
			);
			runOnlyForDeploymentPostprocessing = 0;
		};
		BDB2B44621FDF2EA0046B9F5 /* Sources */ = {
			isa = PBXSourcesBuildPhase;
			buildActionMask = 2147483647;
			files = (
				BDF999A321FF73F400B27D30 /* UITableViewFeature.swift in Sources */,
				BD180CE422042220007F95D2 /* StatefulViewController.generated.swift in Sources */,
				BDB2B44F21FDF2EA0046B9F5 /* ViewController.swift in Sources */,
				BDB2B45A21FDF2FB0046B9F5 /* UICollectionViewFeature.swift in Sources */,
				BDF999AA21FF74FB00B27D30 /* UITableViewFeature.generated.swift in Sources */,
				BDADEDEB2203A85E00AD5C68 /* StatefulViewController.swift in Sources */,
				BDB2B44D21FDF2EA0046B9F5 /* AppDelegate.swift in Sources */,
				BDB2B46321FDF5E00046B9F5 /* UICollectionViewFeature.generated.swift in Sources */,
				BDF999A621FF748F00B27D30 /* EditorialTableViewCell.swift in Sources */,
				BDB2B45B21FDF3000046B9F5 /* EditorialView.swift in Sources */,
			);
			runOnlyForDeploymentPostprocessing = 0;
		};
/* End PBXSourcesBuildPhase section */

/* Begin PBXVariantGroup section */
		BDB2B42221FDCBD40046B9F5 /* MainMenu.xib */ = {
			isa = PBXVariantGroup;
			children = (
				BDB2B42321FDCBD40046B9F5 /* Base */,
			);
			name = MainMenu.xib;
			sourceTree = "<group>";
		};
		BDB2B43721FDF1AF0046B9F5 /* Main.storyboard */ = {
			isa = PBXVariantGroup;
			children = (
				BDB2B43821FDF1AF0046B9F5 /* Base */,
			);
			name = Main.storyboard;
			sourceTree = "<group>";
		};
		BDB2B43C21FDF1B00046B9F5 /* LaunchScreen.storyboard */ = {
			isa = PBXVariantGroup;
			children = (
				BDB2B43D21FDF1B00046B9F5 /* Base */,
			);
			name = LaunchScreen.storyboard;
			sourceTree = "<group>";
		};
		BDB2B45021FDF2EA0046B9F5 /* Main.storyboard */ = {
			isa = PBXVariantGroup;
			children = (
				BDB2B45121FDF2EA0046B9F5 /* Base */,
			);
			name = Main.storyboard;
			sourceTree = "<group>";
		};
/* End PBXVariantGroup section */

/* Begin XCBuildConfiguration section */
		BDB2B3ED21FDC79A0046B9F5 /* Debug */ = {
			isa = XCBuildConfiguration;
			buildSettings = {
			};
			name = Debug;
		};
		BDB2B3EE21FDC79A0046B9F5 /* Release */ = {
			isa = XCBuildConfiguration;
			buildSettings = {
			};
			name = Release;
		};
		BDB2B42821FDCBD40046B9F5 /* Debug */ = {
			isa = XCBuildConfiguration;
			baseConfigurationReference = C28C834A47D951FD77EDC663 /* Pods-Voodoo-macOS.debug.xcconfig */;
			buildSettings = {
				ALWAYS_SEARCH_USER_PATHS = NO;
				ASSETCATALOG_COMPILER_APPICON_NAME = AppIcon;
				CLANG_ANALYZER_NONNULL = YES;
				CLANG_ANALYZER_NUMBER_OBJECT_CONVERSION = YES_AGGRESSIVE;
				CLANG_CXX_LANGUAGE_STANDARD = "gnu++14";
				CLANG_CXX_LIBRARY = "libc++";
				CLANG_ENABLE_MODULES = YES;
				CLANG_ENABLE_OBJC_ARC = YES;
				CLANG_ENABLE_OBJC_WEAK = YES;
				CLANG_WARN_BLOCK_CAPTURE_AUTORELEASING = YES;
				CLANG_WARN_BOOL_CONVERSION = YES;
				CLANG_WARN_COMMA = YES;
				CLANG_WARN_CONSTANT_CONVERSION = YES;
				CLANG_WARN_DEPRECATED_OBJC_IMPLEMENTATIONS = YES;
				CLANG_WARN_DIRECT_OBJC_ISA_USAGE = YES_ERROR;
				CLANG_WARN_DOCUMENTATION_COMMENTS = YES;
				CLANG_WARN_EMPTY_BODY = YES;
				CLANG_WARN_ENUM_CONVERSION = YES;
				CLANG_WARN_INFINITE_RECURSION = YES;
				CLANG_WARN_INT_CONVERSION = YES;
				CLANG_WARN_NON_LITERAL_NULL_CONVERSION = YES;
				CLANG_WARN_OBJC_IMPLICIT_RETAIN_SELF = YES;
				CLANG_WARN_OBJC_LITERAL_CONVERSION = YES;
				CLANG_WARN_OBJC_ROOT_CLASS = YES_ERROR;
				CLANG_WARN_RANGE_LOOP_ANALYSIS = YES;
				CLANG_WARN_STRICT_PROTOTYPES = YES;
				CLANG_WARN_SUSPICIOUS_MOVE = YES;
				CLANG_WARN_UNGUARDED_AVAILABILITY = YES_AGGRESSIVE;
				CLANG_WARN_UNREACHABLE_CODE = YES;
				CLANG_WARN__DUPLICATE_METHOD_MATCH = YES;
				CODE_SIGN_ENTITLEMENTS = "Voodoo-macOS/Voodoo_macOS.entitlements";
				CODE_SIGN_IDENTITY = "-";
				CODE_SIGN_STYLE = Automatic;
				COMBINE_HIDPI_IMAGES = YES;
				COPY_PHASE_STRIP = NO;
				DEBUG_INFORMATION_FORMAT = dwarf;
				ENABLE_STRICT_OBJC_MSGSEND = YES;
				ENABLE_TESTABILITY = YES;
				GCC_C_LANGUAGE_STANDARD = gnu11;
				GCC_DYNAMIC_NO_PIC = NO;
				GCC_NO_COMMON_BLOCKS = YES;
				GCC_OPTIMIZATION_LEVEL = 0;
				GCC_PREPROCESSOR_DEFINITIONS = (
					"DEBUG=1",
					"$(inherited)",
				);
				GCC_WARN_64_TO_32_BIT_CONVERSION = YES;
				GCC_WARN_ABOUT_RETURN_TYPE = YES_ERROR;
				GCC_WARN_UNDECLARED_SELECTOR = YES;
				GCC_WARN_UNINITIALIZED_AUTOS = YES_AGGRESSIVE;
				GCC_WARN_UNUSED_FUNCTION = YES;
				GCC_WARN_UNUSED_VARIABLE = YES;
				INFOPLIST_FILE = "Voodoo-macOS/Info.plist";
				LD_RUNPATH_SEARCH_PATHS = (
					"$(inherited)",
					"@executable_path/../Frameworks",
				);
				MACOSX_DEPLOYMENT_TARGET = 10.14;
				MTL_ENABLE_DEBUG_INFO = INCLUDE_SOURCE;
				MTL_FAST_MATH = YES;
				ONLY_ACTIVE_ARCH = YES;
				PRODUCT_BUNDLE_IDENTIFIER = "com.zenangst.Voodoo-macOS";
				PRODUCT_NAME = "$(TARGET_NAME)";
				SDKROOT = macosx;
				SWIFT_ACTIVE_COMPILATION_CONDITIONS = DEBUG;
				SWIFT_OPTIMIZATION_LEVEL = "-Onone";
				SWIFT_VERSION = 4.2;
			};
			name = Debug;
		};
		BDB2B42921FDCBD40046B9F5 /* Release */ = {
			isa = XCBuildConfiguration;
			baseConfigurationReference = 3843E62F6C85BF8D7045D9AA /* Pods-Voodoo-macOS.release.xcconfig */;
			buildSettings = {
				ALWAYS_SEARCH_USER_PATHS = NO;
				ASSETCATALOG_COMPILER_APPICON_NAME = AppIcon;
				CLANG_ANALYZER_NONNULL = YES;
				CLANG_ANALYZER_NUMBER_OBJECT_CONVERSION = YES_AGGRESSIVE;
				CLANG_CXX_LANGUAGE_STANDARD = "gnu++14";
				CLANG_CXX_LIBRARY = "libc++";
				CLANG_ENABLE_MODULES = YES;
				CLANG_ENABLE_OBJC_ARC = YES;
				CLANG_ENABLE_OBJC_WEAK = YES;
				CLANG_WARN_BLOCK_CAPTURE_AUTORELEASING = YES;
				CLANG_WARN_BOOL_CONVERSION = YES;
				CLANG_WARN_COMMA = YES;
				CLANG_WARN_CONSTANT_CONVERSION = YES;
				CLANG_WARN_DEPRECATED_OBJC_IMPLEMENTATIONS = YES;
				CLANG_WARN_DIRECT_OBJC_ISA_USAGE = YES_ERROR;
				CLANG_WARN_DOCUMENTATION_COMMENTS = YES;
				CLANG_WARN_EMPTY_BODY = YES;
				CLANG_WARN_ENUM_CONVERSION = YES;
				CLANG_WARN_INFINITE_RECURSION = YES;
				CLANG_WARN_INT_CONVERSION = YES;
				CLANG_WARN_NON_LITERAL_NULL_CONVERSION = YES;
				CLANG_WARN_OBJC_IMPLICIT_RETAIN_SELF = YES;
				CLANG_WARN_OBJC_LITERAL_CONVERSION = YES;
				CLANG_WARN_OBJC_ROOT_CLASS = YES_ERROR;
				CLANG_WARN_RANGE_LOOP_ANALYSIS = YES;
				CLANG_WARN_STRICT_PROTOTYPES = YES;
				CLANG_WARN_SUSPICIOUS_MOVE = YES;
				CLANG_WARN_UNGUARDED_AVAILABILITY = YES_AGGRESSIVE;
				CLANG_WARN_UNREACHABLE_CODE = YES;
				CLANG_WARN__DUPLICATE_METHOD_MATCH = YES;
				CODE_SIGN_ENTITLEMENTS = "Voodoo-macOS/Voodoo_macOS.entitlements";
				CODE_SIGN_IDENTITY = "-";
				CODE_SIGN_STYLE = Automatic;
				COMBINE_HIDPI_IMAGES = YES;
				COPY_PHASE_STRIP = NO;
				DEBUG_INFORMATION_FORMAT = "dwarf-with-dsym";
				ENABLE_NS_ASSERTIONS = NO;
				ENABLE_STRICT_OBJC_MSGSEND = YES;
				GCC_C_LANGUAGE_STANDARD = gnu11;
				GCC_NO_COMMON_BLOCKS = YES;
				GCC_WARN_64_TO_32_BIT_CONVERSION = YES;
				GCC_WARN_ABOUT_RETURN_TYPE = YES_ERROR;
				GCC_WARN_UNDECLARED_SELECTOR = YES;
				GCC_WARN_UNINITIALIZED_AUTOS = YES_AGGRESSIVE;
				GCC_WARN_UNUSED_FUNCTION = YES;
				GCC_WARN_UNUSED_VARIABLE = YES;
				INFOPLIST_FILE = "Voodoo-macOS/Info.plist";
				LD_RUNPATH_SEARCH_PATHS = (
					"$(inherited)",
					"@executable_path/../Frameworks",
				);
				MACOSX_DEPLOYMENT_TARGET = 10.14;
				MTL_ENABLE_DEBUG_INFO = NO;
				MTL_FAST_MATH = YES;
				PRODUCT_BUNDLE_IDENTIFIER = "com.zenangst.Voodoo-macOS";
				PRODUCT_NAME = "$(TARGET_NAME)";
				SDKROOT = macosx;
				SWIFT_COMPILATION_MODE = wholemodule;
				SWIFT_OPTIMIZATION_LEVEL = "-O";
				SWIFT_VERSION = 4.2;
			};
			name = Release;
		};
		BDB2B44121FDF1B00046B9F5 /* Debug */ = {
			isa = XCBuildConfiguration;
			baseConfigurationReference = 6C82B1BF9A3B7E90C3A54FC0 /* Pods-Voodoo-iOS.debug.xcconfig */;
			buildSettings = {
				ALWAYS_SEARCH_USER_PATHS = NO;
				ASSETCATALOG_COMPILER_APPICON_NAME = AppIcon;
				CLANG_ANALYZER_NONNULL = YES;
				CLANG_ANALYZER_NUMBER_OBJECT_CONVERSION = YES_AGGRESSIVE;
				CLANG_CXX_LANGUAGE_STANDARD = "gnu++14";
				CLANG_CXX_LIBRARY = "libc++";
				CLANG_ENABLE_MODULES = YES;
				CLANG_ENABLE_OBJC_ARC = YES;
				CLANG_ENABLE_OBJC_WEAK = YES;
				CLANG_WARN_BLOCK_CAPTURE_AUTORELEASING = YES;
				CLANG_WARN_BOOL_CONVERSION = YES;
				CLANG_WARN_COMMA = YES;
				CLANG_WARN_CONSTANT_CONVERSION = YES;
				CLANG_WARN_DEPRECATED_OBJC_IMPLEMENTATIONS = YES;
				CLANG_WARN_DIRECT_OBJC_ISA_USAGE = YES_ERROR;
				CLANG_WARN_DOCUMENTATION_COMMENTS = YES;
				CLANG_WARN_EMPTY_BODY = YES;
				CLANG_WARN_ENUM_CONVERSION = YES;
				CLANG_WARN_INFINITE_RECURSION = YES;
				CLANG_WARN_INT_CONVERSION = YES;
				CLANG_WARN_NON_LITERAL_NULL_CONVERSION = YES;
				CLANG_WARN_OBJC_IMPLICIT_RETAIN_SELF = YES;
				CLANG_WARN_OBJC_LITERAL_CONVERSION = YES;
				CLANG_WARN_OBJC_ROOT_CLASS = YES_ERROR;
				CLANG_WARN_RANGE_LOOP_ANALYSIS = YES;
				CLANG_WARN_STRICT_PROTOTYPES = YES;
				CLANG_WARN_SUSPICIOUS_MOVE = YES;
				CLANG_WARN_UNGUARDED_AVAILABILITY = YES_AGGRESSIVE;
				CLANG_WARN_UNREACHABLE_CODE = YES;
				CLANG_WARN__DUPLICATE_METHOD_MATCH = YES;
				CODE_SIGN_IDENTITY = "iPhone Developer";
				CODE_SIGN_STYLE = Automatic;
				COPY_PHASE_STRIP = NO;
				DEBUG_INFORMATION_FORMAT = dwarf;
				ENABLE_STRICT_OBJC_MSGSEND = YES;
				ENABLE_TESTABILITY = YES;
				GCC_C_LANGUAGE_STANDARD = gnu11;
				GCC_DYNAMIC_NO_PIC = NO;
				GCC_NO_COMMON_BLOCKS = YES;
				GCC_OPTIMIZATION_LEVEL = 0;
				GCC_PREPROCESSOR_DEFINITIONS = (
					"DEBUG=1",
					"$(inherited)",
				);
				GCC_WARN_64_TO_32_BIT_CONVERSION = YES;
				GCC_WARN_ABOUT_RETURN_TYPE = YES_ERROR;
				GCC_WARN_UNDECLARED_SELECTOR = YES;
				GCC_WARN_UNINITIALIZED_AUTOS = YES_AGGRESSIVE;
				GCC_WARN_UNUSED_FUNCTION = YES;
				GCC_WARN_UNUSED_VARIABLE = YES;
				INFOPLIST_FILE = "Voodoo-iOS/Info.plist";
				IPHONEOS_DEPLOYMENT_TARGET = 12.1;
				LD_RUNPATH_SEARCH_PATHS = (
					"$(inherited)",
					"@executable_path/Frameworks",
				);
				MTL_ENABLE_DEBUG_INFO = INCLUDE_SOURCE;
				MTL_FAST_MATH = YES;
				ONLY_ACTIVE_ARCH = YES;
				PRODUCT_BUNDLE_IDENTIFIER = "com.zenangst.Voodoo-iOS";
				PRODUCT_NAME = "$(TARGET_NAME)";
				SDKROOT = iphoneos;
				SWIFT_ACTIVE_COMPILATION_CONDITIONS = DEBUG;
				SWIFT_OPTIMIZATION_LEVEL = "-Onone";
				SWIFT_VERSION = 4.2;
				TARGETED_DEVICE_FAMILY = "1,2";
			};
			name = Debug;
		};
		BDB2B44221FDF1B00046B9F5 /* Release */ = {
			isa = XCBuildConfiguration;
			baseConfigurationReference = B8EEAB1AF68BEC5A777D3953 /* Pods-Voodoo-iOS.release.xcconfig */;
			buildSettings = {
				ALWAYS_SEARCH_USER_PATHS = NO;
				ASSETCATALOG_COMPILER_APPICON_NAME = AppIcon;
				CLANG_ANALYZER_NONNULL = YES;
				CLANG_ANALYZER_NUMBER_OBJECT_CONVERSION = YES_AGGRESSIVE;
				CLANG_CXX_LANGUAGE_STANDARD = "gnu++14";
				CLANG_CXX_LIBRARY = "libc++";
				CLANG_ENABLE_MODULES = YES;
				CLANG_ENABLE_OBJC_ARC = YES;
				CLANG_ENABLE_OBJC_WEAK = YES;
				CLANG_WARN_BLOCK_CAPTURE_AUTORELEASING = YES;
				CLANG_WARN_BOOL_CONVERSION = YES;
				CLANG_WARN_COMMA = YES;
				CLANG_WARN_CONSTANT_CONVERSION = YES;
				CLANG_WARN_DEPRECATED_OBJC_IMPLEMENTATIONS = YES;
				CLANG_WARN_DIRECT_OBJC_ISA_USAGE = YES_ERROR;
				CLANG_WARN_DOCUMENTATION_COMMENTS = YES;
				CLANG_WARN_EMPTY_BODY = YES;
				CLANG_WARN_ENUM_CONVERSION = YES;
				CLANG_WARN_INFINITE_RECURSION = YES;
				CLANG_WARN_INT_CONVERSION = YES;
				CLANG_WARN_NON_LITERAL_NULL_CONVERSION = YES;
				CLANG_WARN_OBJC_IMPLICIT_RETAIN_SELF = YES;
				CLANG_WARN_OBJC_LITERAL_CONVERSION = YES;
				CLANG_WARN_OBJC_ROOT_CLASS = YES_ERROR;
				CLANG_WARN_RANGE_LOOP_ANALYSIS = YES;
				CLANG_WARN_STRICT_PROTOTYPES = YES;
				CLANG_WARN_SUSPICIOUS_MOVE = YES;
				CLANG_WARN_UNGUARDED_AVAILABILITY = YES_AGGRESSIVE;
				CLANG_WARN_UNREACHABLE_CODE = YES;
				CLANG_WARN__DUPLICATE_METHOD_MATCH = YES;
				CODE_SIGN_IDENTITY = "iPhone Developer";
				CODE_SIGN_STYLE = Automatic;
				COPY_PHASE_STRIP = NO;
				DEBUG_INFORMATION_FORMAT = "dwarf-with-dsym";
				ENABLE_NS_ASSERTIONS = NO;
				ENABLE_STRICT_OBJC_MSGSEND = YES;
				GCC_C_LANGUAGE_STANDARD = gnu11;
				GCC_NO_COMMON_BLOCKS = YES;
				GCC_WARN_64_TO_32_BIT_CONVERSION = YES;
				GCC_WARN_ABOUT_RETURN_TYPE = YES_ERROR;
				GCC_WARN_UNDECLARED_SELECTOR = YES;
				GCC_WARN_UNINITIALIZED_AUTOS = YES_AGGRESSIVE;
				GCC_WARN_UNUSED_FUNCTION = YES;
				GCC_WARN_UNUSED_VARIABLE = YES;
				INFOPLIST_FILE = "Voodoo-iOS/Info.plist";
				IPHONEOS_DEPLOYMENT_TARGET = 12.1;
				LD_RUNPATH_SEARCH_PATHS = (
					"$(inherited)",
					"@executable_path/Frameworks",
				);
				MTL_ENABLE_DEBUG_INFO = NO;
				MTL_FAST_MATH = YES;
				PRODUCT_BUNDLE_IDENTIFIER = "com.zenangst.Voodoo-iOS";
				PRODUCT_NAME = "$(TARGET_NAME)";
				SDKROOT = iphoneos;
				SWIFT_COMPILATION_MODE = wholemodule;
				SWIFT_OPTIMIZATION_LEVEL = "-O";
				SWIFT_VERSION = 4.2;
				TARGETED_DEVICE_FAMILY = "1,2";
				VALIDATE_PRODUCT = YES;
			};
			name = Release;
		};
		BDB2B45721FDF2EC0046B9F5 /* Debug */ = {
			isa = XCBuildConfiguration;
			baseConfigurationReference = 52ED3B6313DB79B49CF1AFB2 /* Pods-Voodoo-tvOS.debug.xcconfig */;
			buildSettings = {
				ALWAYS_SEARCH_USER_PATHS = NO;
				ASSETCATALOG_COMPILER_APPICON_NAME = "App Icon & Top Shelf Image";
				ASSETCATALOG_COMPILER_LAUNCHIMAGE_NAME = LaunchImage;
				CLANG_ANALYZER_NONNULL = YES;
				CLANG_ANALYZER_NUMBER_OBJECT_CONVERSION = YES_AGGRESSIVE;
				CLANG_CXX_LANGUAGE_STANDARD = "gnu++14";
				CLANG_CXX_LIBRARY = "libc++";
				CLANG_ENABLE_MODULES = YES;
				CLANG_ENABLE_OBJC_ARC = YES;
				CLANG_ENABLE_OBJC_WEAK = YES;
				CLANG_WARN_BLOCK_CAPTURE_AUTORELEASING = YES;
				CLANG_WARN_BOOL_CONVERSION = YES;
				CLANG_WARN_COMMA = YES;
				CLANG_WARN_CONSTANT_CONVERSION = YES;
				CLANG_WARN_DEPRECATED_OBJC_IMPLEMENTATIONS = YES;
				CLANG_WARN_DIRECT_OBJC_ISA_USAGE = YES_ERROR;
				CLANG_WARN_DOCUMENTATION_COMMENTS = YES;
				CLANG_WARN_EMPTY_BODY = YES;
				CLANG_WARN_ENUM_CONVERSION = YES;
				CLANG_WARN_INFINITE_RECURSION = YES;
				CLANG_WARN_INT_CONVERSION = YES;
				CLANG_WARN_NON_LITERAL_NULL_CONVERSION = YES;
				CLANG_WARN_OBJC_IMPLICIT_RETAIN_SELF = YES;
				CLANG_WARN_OBJC_LITERAL_CONVERSION = YES;
				CLANG_WARN_OBJC_ROOT_CLASS = YES_ERROR;
				CLANG_WARN_RANGE_LOOP_ANALYSIS = YES;
				CLANG_WARN_STRICT_PROTOTYPES = YES;
				CLANG_WARN_SUSPICIOUS_MOVE = YES;
				CLANG_WARN_UNGUARDED_AVAILABILITY = YES_AGGRESSIVE;
				CLANG_WARN_UNREACHABLE_CODE = YES;
				CLANG_WARN__DUPLICATE_METHOD_MATCH = YES;
				CODE_SIGN_STYLE = Automatic;
				COPY_PHASE_STRIP = NO;
				DEBUG_INFORMATION_FORMAT = dwarf;
				ENABLE_STRICT_OBJC_MSGSEND = YES;
				ENABLE_TESTABILITY = YES;
				GCC_C_LANGUAGE_STANDARD = gnu11;
				GCC_DYNAMIC_NO_PIC = NO;
				GCC_NO_COMMON_BLOCKS = YES;
				GCC_OPTIMIZATION_LEVEL = 0;
				GCC_PREPROCESSOR_DEFINITIONS = (
					"DEBUG=1",
					"$(inherited)",
				);
				GCC_WARN_64_TO_32_BIT_CONVERSION = YES;
				GCC_WARN_ABOUT_RETURN_TYPE = YES_ERROR;
				GCC_WARN_UNDECLARED_SELECTOR = YES;
				GCC_WARN_UNINITIALIZED_AUTOS = YES_AGGRESSIVE;
				GCC_WARN_UNUSED_FUNCTION = YES;
				GCC_WARN_UNUSED_VARIABLE = YES;
				INFOPLIST_FILE = "Voodoo-tvOS/Info.plist";
				LD_RUNPATH_SEARCH_PATHS = (
					"$(inherited)",
					"@executable_path/Frameworks",
				);
				MTL_ENABLE_DEBUG_INFO = INCLUDE_SOURCE;
				MTL_FAST_MATH = YES;
				ONLY_ACTIVE_ARCH = YES;
				PRODUCT_BUNDLE_IDENTIFIER = "com.zenangst.Voodoo-tvOS";
				PRODUCT_NAME = "$(TARGET_NAME)";
				SDKROOT = appletvos;
				SWIFT_ACTIVE_COMPILATION_CONDITIONS = DEBUG;
				SWIFT_OPTIMIZATION_LEVEL = "-Onone";
				SWIFT_VERSION = 4.2;
				TARGETED_DEVICE_FAMILY = 3;
				TVOS_DEPLOYMENT_TARGET = 12.1;
			};
			name = Debug;
		};
		BDB2B45821FDF2EC0046B9F5 /* Release */ = {
			isa = XCBuildConfiguration;
			baseConfigurationReference = 5C0BDD639243AB544CE60D76 /* Pods-Voodoo-tvOS.release.xcconfig */;
			buildSettings = {
				ALWAYS_SEARCH_USER_PATHS = NO;
				ASSETCATALOG_COMPILER_APPICON_NAME = "App Icon & Top Shelf Image";
				ASSETCATALOG_COMPILER_LAUNCHIMAGE_NAME = LaunchImage;
				CLANG_ANALYZER_NONNULL = YES;
				CLANG_ANALYZER_NUMBER_OBJECT_CONVERSION = YES_AGGRESSIVE;
				CLANG_CXX_LANGUAGE_STANDARD = "gnu++14";
				CLANG_CXX_LIBRARY = "libc++";
				CLANG_ENABLE_MODULES = YES;
				CLANG_ENABLE_OBJC_ARC = YES;
				CLANG_ENABLE_OBJC_WEAK = YES;
				CLANG_WARN_BLOCK_CAPTURE_AUTORELEASING = YES;
				CLANG_WARN_BOOL_CONVERSION = YES;
				CLANG_WARN_COMMA = YES;
				CLANG_WARN_CONSTANT_CONVERSION = YES;
				CLANG_WARN_DEPRECATED_OBJC_IMPLEMENTATIONS = YES;
				CLANG_WARN_DIRECT_OBJC_ISA_USAGE = YES_ERROR;
				CLANG_WARN_DOCUMENTATION_COMMENTS = YES;
				CLANG_WARN_EMPTY_BODY = YES;
				CLANG_WARN_ENUM_CONVERSION = YES;
				CLANG_WARN_INFINITE_RECURSION = YES;
				CLANG_WARN_INT_CONVERSION = YES;
				CLANG_WARN_NON_LITERAL_NULL_CONVERSION = YES;
				CLANG_WARN_OBJC_IMPLICIT_RETAIN_SELF = YES;
				CLANG_WARN_OBJC_LITERAL_CONVERSION = YES;
				CLANG_WARN_OBJC_ROOT_CLASS = YES_ERROR;
				CLANG_WARN_RANGE_LOOP_ANALYSIS = YES;
				CLANG_WARN_STRICT_PROTOTYPES = YES;
				CLANG_WARN_SUSPICIOUS_MOVE = YES;
				CLANG_WARN_UNGUARDED_AVAILABILITY = YES_AGGRESSIVE;
				CLANG_WARN_UNREACHABLE_CODE = YES;
				CLANG_WARN__DUPLICATE_METHOD_MATCH = YES;
				CODE_SIGN_STYLE = Automatic;
				COPY_PHASE_STRIP = NO;
				DEBUG_INFORMATION_FORMAT = "dwarf-with-dsym";
				ENABLE_NS_ASSERTIONS = NO;
				ENABLE_STRICT_OBJC_MSGSEND = YES;
				GCC_C_LANGUAGE_STANDARD = gnu11;
				GCC_NO_COMMON_BLOCKS = YES;
				GCC_WARN_64_TO_32_BIT_CONVERSION = YES;
				GCC_WARN_ABOUT_RETURN_TYPE = YES_ERROR;
				GCC_WARN_UNDECLARED_SELECTOR = YES;
				GCC_WARN_UNINITIALIZED_AUTOS = YES_AGGRESSIVE;
				GCC_WARN_UNUSED_FUNCTION = YES;
				GCC_WARN_UNUSED_VARIABLE = YES;
				INFOPLIST_FILE = "Voodoo-tvOS/Info.plist";
				LD_RUNPATH_SEARCH_PATHS = (
					"$(inherited)",
					"@executable_path/Frameworks",
				);
				MTL_ENABLE_DEBUG_INFO = NO;
				MTL_FAST_MATH = YES;
				PRODUCT_BUNDLE_IDENTIFIER = "com.zenangst.Voodoo-tvOS";
				PRODUCT_NAME = "$(TARGET_NAME)";
				SDKROOT = appletvos;
				SWIFT_COMPILATION_MODE = wholemodule;
				SWIFT_OPTIMIZATION_LEVEL = "-O";
				SWIFT_VERSION = 4.2;
				TARGETED_DEVICE_FAMILY = 3;
				TVOS_DEPLOYMENT_TARGET = 12.1;
				VALIDATE_PRODUCT = YES;
			};
			name = Release;
		};
/* End XCBuildConfiguration section */

/* Begin XCConfigurationList section */
		BDB2B3EC21FDC79A0046B9F5 /* Build configuration list for PBXProject "Voodoo" */ = {
			isa = XCConfigurationList;
			buildConfigurations = (
				BDB2B3ED21FDC79A0046B9F5 /* Debug */,
				BDB2B3EE21FDC79A0046B9F5 /* Release */,
			);
			defaultConfigurationIsVisible = 0;
			defaultConfigurationName = Release;
		};
		BDB2B42721FDCBD40046B9F5 /* Build configuration list for PBXNativeTarget "Voodoo-macOS" */ = {
			isa = XCConfigurationList;
			buildConfigurations = (
				BDB2B42821FDCBD40046B9F5 /* Debug */,
				BDB2B42921FDCBD40046B9F5 /* Release */,
			);
			defaultConfigurationIsVisible = 0;
			defaultConfigurationName = Release;
		};
		BDB2B44021FDF1B00046B9F5 /* Build configuration list for PBXNativeTarget "Voodoo-iOS" */ = {
			isa = XCConfigurationList;
			buildConfigurations = (
				BDB2B44121FDF1B00046B9F5 /* Debug */,
				BDB2B44221FDF1B00046B9F5 /* Release */,
			);
			defaultConfigurationIsVisible = 0;
			defaultConfigurationName = Release;
		};
		BDB2B45621FDF2EC0046B9F5 /* Build configuration list for PBXNativeTarget "Voodoo-tvOS" */ = {
			isa = XCConfigurationList;
			buildConfigurations = (
				BDB2B45721FDF2EC0046B9F5 /* Debug */,
				BDB2B45821FDF2EC0046B9F5 /* Release */,
			);
			defaultConfigurationIsVisible = 0;
			defaultConfigurationName = Release;
		};
/* End XCConfigurationList section */
	};
	rootObject = BDB2B3E921FDC79A0046B9F5 /* Project object */;
}
